// !$*UTF8*$!
{
	archiveVersion = 1;
	classes = {
	};
	objectVersion = 77;
	objects = {

/* Begin PBXBuildFile section */
		2FAD9763203C412B000D30F8 /* config.xml in Resources */ = {isa = PBXBuildFile; fileRef = 2FAD9762203C412B000D30F8 /* config.xml */; };
		50379B232058CBB4000EE86E /* capacitor.config.json in Resources */ = {isa = PBXBuildFile; fileRef = 50379B222058CBB4000EE86E /* capacitor.config.json */; };
		504EC3081FED79650016851F /* AppDelegate.swift in Sources */ = {isa = PBXBuildFile; fileRef = 504EC3071FED79650016851F /* AppDelegate.swift */; };
		504EC30D1FED79650016851F /* Main.storyboard in Resources */ = {isa = PBXBuildFile; fileRef = 504EC30B1FED79650016851F /* Main.storyboard */; };
		504EC30F1FED79650016851F /* Assets.xcassets in Resources */ = {isa = PBXBuildFile; fileRef = 504EC30E1FED79650016851F /* Assets.xcassets */; };
		504EC3121FED79650016851F /* LaunchScreen.storyboard in Resources */ = {isa = PBXBuildFile; fileRef = 504EC3101FED79650016851F /* LaunchScreen.storyboard */; };
		50B271D11FEDC1A000F3C39B /* public in Resources */ = {isa = PBXBuildFile; fileRef = 50B271D01FEDC1A000F3C39B /* public */; };
		A084ECDBA7D38E1E42DFC39D /* Pods_App.framework in Frameworks */ = {isa = PBXBuildFile; fileRef = AF277DCFFFF123FFC6DF26C7 /* Pods_App.framework */; };
/* End PBXBuildFile section */

/* Begin PBXCopyFilesBuildPhase section */
		DD0EE6352DD26626002B679D /* Embed Frameworks */ = {
			isa = PBXCopyFilesBuildPhase;
			buildActionMask = 2147483647;
			dstPath = "";
			dstSubfolderSpec = 10;
			files = (
			);
			name = "Embed Frameworks";
			runOnlyForDeploymentPostprocessing = 0;
		};
/* End PBXCopyFilesBuildPhase section */

/* Begin PBXFileReference section */
		2FAD9762203C412B000D30F8 /* config.xml */ = {isa = PBXFileReference; lastKnownFileType = text.xml; path = config.xml; sourceTree = "<group>"; };
		50379B222058CBB4000EE86E /* capacitor.config.json */ = {isa = PBXFileReference; fileEncoding = 4; lastKnownFileType = text.json; path = capacitor.config.json; sourceTree = "<group>"; };
		504EC3041FED79650016851F /* Mustang.app */ = {isa = PBXFileReference; explicitFileType = wrapper.application; includeInIndex = 0; path = Mustang.app; sourceTree = BUILT_PRODUCTS_DIR; };
		504EC3071FED79650016851F /* AppDelegate.swift */ = {isa = PBXFileReference; lastKnownFileType = sourcecode.swift; path = AppDelegate.swift; sourceTree = "<group>"; };
		504EC30C1FED79650016851F /* Base */ = {isa = PBXFileReference; lastKnownFileType = file.storyboard; name = Base; path = Base.lproj/Main.storyboard; sourceTree = "<group>"; };
		504EC30E1FED79650016851F /* Assets.xcassets */ = {isa = PBXFileReference; lastKnownFileType = folder.assetcatalog; path = Assets.xcassets; sourceTree = "<group>"; };
		504EC3111FED79650016851F /* Base */ = {isa = PBXFileReference; lastKnownFileType = file.storyboard; name = Base; path = Base.lproj/LaunchScreen.storyboard; sourceTree = "<group>"; };
		504EC3131FED79650016851F /* Info.plist */ = {isa = PBXFileReference; lastKnownFileType = text.plist.xml; path = Info.plist; sourceTree = "<group>"; };
		50B271D01FEDC1A000F3C39B /* public */ = {isa = PBXFileReference; lastKnownFileType = folder; path = public; sourceTree = "<group>"; };
		AF277DCFFFF123FFC6DF26C7 /* Pods_App.framework */ = {isa = PBXFileReference; explicitFileType = wrapper.framework; includeInIndex = 0; path = Pods_App.framework; sourceTree = BUILT_PRODUCTS_DIR; };
		AF51FD2D460BCFE21FA515B2 /* Pods-App.release.xcconfig */ = {isa = PBXFileReference; includeInIndex = 1; lastKnownFileType = text.xcconfig; name = "Pods-App.release.xcconfig"; path = "Pods/Target Support Files/Pods-App/Pods-App.release.xcconfig"; sourceTree = "<group>"; };
		FC68EB0AF532CFC21C3344DD /* Pods-App.debug.xcconfig */ = {isa = PBXFileReference; includeInIndex = 1; lastKnownFileType = text.xcconfig; name = "Pods-App.debug.xcconfig"; path = "Pods/Target Support Files/Pods-App/Pods-App.debug.xcconfig"; sourceTree = "<group>"; };
/* End PBXFileReference section */

/* Begin PBXFileSystemSynchronizedRootGroup section */
		BFB473CD2E1DCEB2008D311F /* libTests */ = {
			isa = PBXFileSystemSynchronizedRootGroup;
			path = libTests;
			sourceTree = "<group>";
		};
/* End PBXFileSystemSynchronizedRootGroup section */

/* Begin PBXFrameworksBuildPhase section */
		504EC3011FED79650016851F /* Frameworks */ = {
			isa = PBXFrameworksBuildPhase;
			buildActionMask = 2147483647;
			files = (
				A084ECDBA7D38E1E42DFC39D /* Pods_App.framework in Frameworks */,
			);
			runOnlyForDeploymentPostprocessing = 0;
		};
/* End PBXFrameworksBuildPhase section */

/* Begin PBXGroup section */
		27E2DDA53C4D2A4D1A88CE4A /* Frameworks */ = {
			isa = PBXGroup;
			children = (
				AF277DCFFFF123FFC6DF26C7 /* Pods_App.framework */,
			);
			name = Frameworks;
			sourceTree = "<group>";
		};
		504EC2FB1FED79650016851F = {
			isa = PBXGroup;
			children = (
				504EC3061FED79650016851F /* App */,
				BFB473CD2E1DCEB2008D311F /* libTests */,
				504EC3051FED79650016851F /* Products */,
				7F8756D8B27F46E3366F6CEA /* Pods */,
				27E2DDA53C4D2A4D1A88CE4A /* Frameworks */,
			);
			sourceTree = "<group>";
		};
		504EC3051FED79650016851F /* Products */ = {
			isa = PBXGroup;
			children = (
				504EC3041FED79650016851F /* Mustang.app */,
			);
			name = Products;
			sourceTree = "<group>";
		};
		504EC3061FED79650016851F /* App */ = {
			isa = PBXGroup;
			children = (
				50379B222058CBB4000EE86E /* capacitor.config.json */,
				504EC3071FED79650016851F /* AppDelegate.swift */,
				504EC30B1FED79650016851F /* Main.storyboard */,
				504EC30E1FED79650016851F /* Assets.xcassets */,
				504EC3101FED79650016851F /* LaunchScreen.storyboard */,
				504EC3131FED79650016851F /* Info.plist */,
				2FAD9762203C412B000D30F8 /* config.xml */,
				50B271D01FEDC1A000F3C39B /* public */,
			);
			path = App;
			sourceTree = "<group>";
		};
		7F8756D8B27F46E3366F6CEA /* Pods */ = {
			isa = PBXGroup;
			children = (
				FC68EB0AF532CFC21C3344DD /* Pods-App.debug.xcconfig */,
				AF51FD2D460BCFE21FA515B2 /* Pods-App.release.xcconfig */,
			);
			name = Pods;
			sourceTree = "<group>";
		};
/* End PBXGroup section */

/* Begin PBXNativeTarget section */
		504EC3031FED79650016851F /* App */ = {
			isa = PBXNativeTarget;
			buildConfigurationList = 504EC3161FED79650016851F /* Build configuration list for PBXNativeTarget "App" */;
			buildPhases = (
				6634F4EFEBD30273BCE97C65 /* [CP] Check Pods Manifest.lock */,
				504EC3001FED79650016851F /* Sources */,
				504EC3011FED79650016851F /* Frameworks */,
				504EC3021FED79650016851F /* Resources */,
				9592DBEFFC6D2A0C8D5DEB22 /* [CP] Embed Pods Frameworks */,
				DD0EE6352DD26626002B679D /* Embed Frameworks */,
				A8F55743798E440AB4F63C95 /* Organize Node.js Native Modules */,
				7FA35B1EC30D410A98CC7E75 /* Build Node.js Mobile Native Modules */,
				5E32F73C3280499286A86A70 /* Sign Node.js Mobile Native Modules */,
			);
			buildRules = (
			);
			dependencies = (
			);
			name = App;
			productName = App;
			productReference = 504EC3041FED79650016851F /* Mustang.app */;
			productType = "com.apple.product-type.application";
		};
/* End PBXNativeTarget section */

/* Begin PBXProject section */
		504EC2FC1FED79650016851F /* Project object */ = {
			isa = PBXProject;
			attributes = {
				LastSwiftUpdateCheck = 1640;
				LastUpgradeCheck = 920;
				TargetAttributes = {
					504EC3031FED79650016851F = {
						CreatedOnToolsVersion = 9.2;
						LastSwiftMigration = 1100;
					};
				};
			};
			buildConfigurationList = 504EC2FF1FED79650016851F /* Build configuration list for PBXProject "App" */;
			developmentRegion = en;
			hasScannedForEncodings = 0;
			knownRegions = (
				en,
				Base,
			);
			mainGroup = 504EC2FB1FED79650016851F;
			preferredProjectObjectVersion = 77;
			productRefGroup = 504EC3051FED79650016851F /* Products */;
			projectDirPath = "";
			projectRoot = "";
			targets = (
				504EC3031FED79650016851F /* App */,
			);
		};
/* End PBXProject section */

/* Begin PBXResourcesBuildPhase section */
		504EC3021FED79650016851F /* Resources */ = {
			isa = PBXResourcesBuildPhase;
			buildActionMask = 2147483647;
			files = (
				504EC3121FED79650016851F /* LaunchScreen.storyboard in Resources */,
				50B271D11FEDC1A000F3C39B /* public in Resources */,
				504EC30F1FED79650016851F /* Assets.xcassets in Resources */,
				50379B232058CBB4000EE86E /* capacitor.config.json in Resources */,
				504EC30D1FED79650016851F /* Main.storyboard in Resources */,
				2FAD9763203C412B000D30F8 /* config.xml in Resources */,
			);
			runOnlyForDeploymentPostprocessing = 0;
		};
/* End PBXResourcesBuildPhase section */

/* Begin PBXShellScriptBuildPhase section */
		5E32F73C3280499286A86A70 /* Sign Node.js Mobile Native Modules */ = {
			isa = PBXShellScriptBuildPhase;
			buildActionMask = 2147483647;
			files = (
			);
			inputPaths = (
			);
			name = "Sign Node.js Mobile Native Modules";
			outputPaths = (
			);
			runOnlyForDeploymentPostprocessing = 0;
			shellPath = /bin/sh;
			shellScript = "#!/bin/sh\nset -e\n# Get nodeDir from config (defaults to \"nodejs\" if not set)\nNODE_DIR=\"nodejs\"\n\n# Use public/$NODE_DIR if it exists, otherwise $NODE_DIR\n# Files are typically copied to public/nodejs/ in Capacitor apps\nNODEJS_DIR=\"$CODESIGNING_FOLDER_PATH/public/$NODE_DIR\"\nif [ ! -d \"$NODEJS_DIR\" ]; then\n  NODEJS_DIR=\"$CODESIGNING_FOLDER_PATH/$NODE_DIR\"\nfi\n\n# Check if build native modules preference is set\nif [ -z \"$NODEJS_MOBILE_BUILD_NATIVE_MODULES\" ]; then\n  PREFERENCE_FILE_PATH=\"$NODEJS_DIR/NODEJS_MOBILE_BUILD_NATIVE_MODULES_VALUE.txt\"\n  if [ -f \"$PREFERENCE_FILE_PATH\" ]; then\n    NODEJS_MOBILE_BUILD_NATIVE_MODULES=\"$(cat $PREFERENCE_FILE_PATH | xargs)\"\n    rm \"$PREFERENCE_FILE_PATH\"\n  fi\nfi\n\n# Check if node directory exists\nif [ ! -d \"$NODEJS_DIR\" ]; then\n  echo \"Warning: node directory not found at $NODEJS_DIR, skipping code signing\"\n  exit 0\nfi\n\nif [ -z \"$NODEJS_MOBILE_BUILD_NATIVE_MODULES\" ]; then\n  organized_dirs=($(find \"$NODEJS_DIR/build/Release\" -name \"*.node\" -type d 2>/dev/null || find \"$NODEJS_DIR/prebuilds\" -name \"*.node\" -type d 2>/dev/null || find \"$NODEJS_DIR/node_modules\" -path \"*/prebuilds/*/*.node\" -type d 2>/dev/null || true))\n  if [ ${#organized_dirs[@]} -gt 0 ]; then\n    NODEJS_MOBILE_BUILD_NATIVE_MODULES=1\n  else\n    gypfiles=($(find \"$NODEJS_DIR/\" -type f -name \"*.gyp\" 2>/dev/null || true))\n    if [ ${#gypfiles[@]} -gt 0 ]; then\n      NODEJS_MOBILE_BUILD_NATIVE_MODULES=1\n    else\n      NODEJS_MOBILE_BUILD_NATIVE_MODULES=0\n    fi\n  fi\nfi\n\nif [ \"1\" != \"$NODEJS_MOBILE_BUILD_NATIVE_MODULES\" ]; then exit 0; fi\n\n# Delete object files\nfind \"$NODEJS_DIR/\" -name \"*.o\" -type f -delete 2>/dev/null || true\nfind \"$NODEJS_DIR/\" -name \"*.a\" -type f -delete 2>/dev/null || true\n\n# Create frameworks and override-dlopen-paths-data.json using TypeScript helper from plugin\n# Find the script path in the plugin\nSCRIPT_PATH=\"../../node_modules/capacitor-nodejs/scripts/dist/create-frameworks-and-override.js\"\nif [ ! -f \"${SCRIPT_PATH}\" ]; then\n  # Try source TypeScript file if dist doesn't exist\n  SCRIPT_PATH=\"${PROJECT_DIR}/../../node_modules/capacitor-nodejs/scripts/create-frameworks-and-override.ts\"\nfi\nif [ ! -f \"${SCRIPT_PATH}\" ]; then\n  echo \"Warning: create-frameworks-and-override script not found, skipping framework creation\"\n  exit 0\nfi\n\n# Run the TypeScript script to create frameworks and JSON override file\nFRAMEWORK_OUTPUT=$(node \"${SCRIPT_PATH}\" \"$NODEJS_DIR\" 2>&1)\nFRAMEWORK_EXIT_CODE=$?\n\necho \"$FRAMEWORK_OUTPUT\"\n\nif [ $FRAMEWORK_EXIT_CODE -ne 0 ]; then\n  echo \"Warning: Framework creation script failed, continuing anyway\"\nfi\n\n# Extract framework paths from output (lines starting with FRAMEWORK:)\nFRAMEWORK_PATHS=$(echo \"$FRAMEWORK_OUTPUT\" | grep \"^FRAMEWORK:\" | sed 's/^FRAMEWORK://')\n\n# Embed frameworks\nembed_framework()\n{\n    FRAMEWORK_NAME=\"$(basename \"$1\")\"\n    mkdir -p \"$TARGET_BUILD_DIR/$FRAMEWORKS_FOLDER_PATH/\"\n    cp -r \"$1\" \"$TARGET_BUILD_DIR/$FRAMEWORKS_FOLDER_PATH/\"\n    /usr/bin/codesign --force --sign $EXPANDED_CODE_SIGN_IDENTITY --preserve-metadata=identifier,entitlements,flags --timestamp=none \"$TARGET_BUILD_DIR/$FRAMEWORKS_FOLDER_PATH/$FRAMEWORK_NAME\"\n}\n\n# Embed frameworks found by the script\nif [ -n \"$FRAMEWORK_PATHS\" ]; then\n  echo \"$FRAMEWORK_PATHS\" | while read frmwrk_path; do\n    if [ -n \"$frmwrk_path\" ] && [ -d \"$frmwrk_path\" ]; then\n      embed_framework \"$frmwrk_path\"\n    fi\n  done\nfi\n\n# Also embed any frameworks found via find (fallback)\nfind \"$NODEJS_DIR/\" -name \"*.framework\" -type d 2>/dev/null | while read frmwrk_path; do\n  # Skip if already embedded\n  FRAMEWORK_NAME=\"$(basename \"$frmwrk_path\")\"\n  if [ ! -d \"$TARGET_BUILD_DIR/$FRAMEWORKS_FOLDER_PATH/$FRAMEWORK_NAME\" ]; then\n    embed_framework \"$frmwrk_path\"\n  fi\ndone\n\n# Cleanup\nfind \"$NODEJS_DIR/\" -path \"*/.deps/*\" -delete 2>/dev/null || true\nfind \"$NODEJS_DIR/\" -name \".deps\" -type d -delete 2>/dev/null || true\nfind \"$NODEJS_DIR/\" -path \"*/*.framework/*\" -delete 2>/dev/null || true\nfind \"$NODEJS_DIR/\" -name \"*.framework\" -type d -delete 2>/dev/null || true\n\n";
		};
		6634F4EFEBD30273BCE97C65 /* [CP] Check Pods Manifest.lock */ = {
			isa = PBXShellScriptBuildPhase;
			buildActionMask = 2147483647;
			files = (
			);
			inputPaths = (
				"${PODS_PODFILE_DIR_PATH}/Podfile.lock",
				"${PODS_ROOT}/Manifest.lock",
			);
			name = "[CP] Check Pods Manifest.lock";
			outputPaths = (
				"$(DERIVED_FILE_DIR)/Pods-App-checkManifestLockResult.txt",
			);
			runOnlyForDeploymentPostprocessing = 0;
			shellPath = /bin/sh;
			shellScript = "diff \"${PODS_PODFILE_DIR_PATH}/Podfile.lock\" \"${PODS_ROOT}/Manifest.lock\" > /dev/null\nif [ $? != 0 ] ; then\n    # print error to STDERR\n    echo \"error: The sandbox is not in sync with the Podfile.lock. Run 'pod install' or update your CocoaPods installation.\" >&2\n    exit 1\nfi\n# This output is used by Xcode 'outputs' to avoid re-running this script phase.\necho \"SUCCESS\" > \"${SCRIPT_OUTPUT_FILE_0}\"\n";
			showEnvVarsInLog = 0;
		};
		7FA35B1EC30D410A98CC7E75 /* Build Node.js Mobile Native Modules */ = {
			isa = PBXShellScriptBuildPhase;
			buildActionMask = 2147483647;
			files = (
			);
			inputPaths = (
			);
			name = "Build Node.js Mobile Native Modules";
			outputPaths = (
			);
			runOnlyForDeploymentPostprocessing = 0;
			shellPath = /bin/sh;
			shellScript = "#!/bin/sh\nset -e\n# Get nodeDir from config (defaults to \"nodejs\" if not set)\nNODE_DIR=\"nodejs\"\n\n# Use public/$NODE_DIR if it exists, otherwise $NODE_DIR\n# Files are typically copied to public/nodejs/ in Capacitor apps\nNODEJS_DIR=\"$CODESIGNING_FOLDER_PATH/public/$NODE_DIR\"\nif [ ! -d \"$NODEJS_DIR\" ]; then\n  NODEJS_DIR=\"$CODESIGNING_FOLDER_PATH/$NODE_DIR\"\nfi\n\n# Check if build native modules preference is set\nif [ -z \"$NODEJS_MOBILE_BUILD_NATIVE_MODULES\" ]; then\n  # If build native modules preference is not set, look for it in the project's\n  # webDir/nodeDir/NODEJS_MOBILE_BUILD_NATIVE_MODULES_VALUE.txt\n  PREFERENCE_FILE_PATH=\"$NODEJS_DIR/NODEJS_MOBILE_BUILD_NATIVE_MODULES_VALUE.txt\"\n  if [ -f \"$PREFERENCE_FILE_PATH\" ]; then\n    NODEJS_MOBILE_BUILD_NATIVE_MODULES=\"$(cat $PREFERENCE_FILE_PATH | xargs)\"\n  fi\nfi\n\nif [ -z \"$NODEJS_MOBILE_BUILD_NATIVE_MODULES\" ]; then\n  # If build native modules preference is not set, try to find .gyp files to turn it on.\n  gypfiles=($(find \"$NODEJS_DIR/\" -type f -name \"*.gyp\" 2>/dev/null || true))\n  gypfiles_count=${#gypfiles[@]}\n  if [ \"$gypfiles_count\" -gt 0 ]; then\n    NODEJS_MOBILE_BUILD_NATIVE_MODULES=1\n  else\n    NODEJS_MOBILE_BUILD_NATIVE_MODULES=0\n  fi\nfi\n\nif [ \"1\" != \"$NODEJS_MOBILE_BUILD_NATIVE_MODULES\" ]; then exit 0; fi\n\n# Delete object files that may already come from within the npm package.\nfind \"$NODEJS_DIR/\" -name \"*.o\" -type f -delete 2>/dev/null || true\nfind \"$NODEJS_DIR/\" -name \"*.a\" -type f -delete 2>/dev/null || true\nfind \"$NODEJS_DIR/\" -name \"*.node\" -type f -delete 2>/dev/null || true\n\n# Delete bundle contents that may be there from previous builds.\nfind \"$NODEJS_DIR/\" -path \"*/*.node/*\" -delete 2>/dev/null || true\nfind \"$NODEJS_DIR/\" -name \"*.node\" -type d -delete 2>/dev/null || true\nfind \"$NODEJS_DIR/\" -path \"*/*.framework/*\" -delete 2>/dev/null || true\nfind \"$NODEJS_DIR/\" -name \"*.framework\" -type d -delete 2>/dev/null || true\n\n# Symlinks to binaries are resolved during the copy, causing build time errors.\n# The original project's .bin folder will be added to the path before building the native modules.\nfind \"$NODEJS_DIR/\" -path \"*/.bin/*\" -delete 2>/dev/null || true\nfind \"$NODEJS_DIR/\" -name \".bin\" -type d -delete 2>/dev/null || true\n\n# Get the nodejs-mobile-gyp location\nNODEJS_MOBILE_GYP_BIN_FILE=\"/Users/jeremyc/Documents/GitHub/mustang/mobile/node_modules/.bin/nodejs-mobile-gyp\"\n\n# Get the nodejs headers directory (libnode/include/node)\n# Try multiple possible paths\nNODEJS_HEADERS_DIR=\"\"\nif [ -d \"$PROJECT_DIR/../ios/libnode/include/node\" ]; then\n  NODEJS_HEADERS_DIR=\"$( cd \"$PROJECT_DIR\" && cd ../ios/libnode/include/node && pwd )\"\nelif [ -d \"$PROJECT_DIR/../../ios/libnode/include/node\" ]; then\n  NODEJS_HEADERS_DIR=\"$( cd \"$PROJECT_DIR\" && cd ../../ios/libnode/include/node && pwd )\"\nelif [ -d \"$( dirname \"$PRODUCT_SETTINGS_PATH\" )/Plugins/capacitor-nodejs/ios/libnode/include/node\" ]; then\n  NODEJS_HEADERS_DIR=\"$( cd \"$( dirname \"$PRODUCT_SETTINGS_PATH\" )\" && cd Plugins/capacitor-nodejs/ios/libnode/include/node && pwd )\"\nfi\n\n# Adds the original project .bin to the path. It's a workaround\n# to correctly build some modules that depend on symlinked modules,\n# like node-pre-gyp.\nif [ -d \"$NODEJS_DIR/node_modules/.bin/\" ]; then\n  PATH=\"$NODEJS_DIR/node_modules/.bin/:$PATH\"\nfi\n\n# Rebuild modules for each architecture\npushd \"$NODEJS_DIR/\" > /dev/null\n\n# Determine target architecture based on platform\nif [ \"$PLATFORM_NAME\" == \"iphoneos\" ]; then\n  # Device build - arm64\n  TARGET_ARCH=\"ios-arm64\"\nelse\n  # Simulator build - x64\n  TARGET_ARCH=\"ios-x64\"\nfi\n\n# Find all native modules (those with binding.gyp or *.gyp files) and rebuild them\n# Search in node_modules directory\nNODE_MODULES_DIR=\"$NODEJS_DIR/node_modules\"\nif [ -d \"$NODE_MODULES_DIR\" ]; then\n  # Find all directories with binding.gyp or *.gyp files\n  # binding.gyp is the standard file name for GYP-based native modules\n  # Use -path pattern matching instead of -o to avoid parentheses\n  find \"$NODE_MODULES_DIR\" -type f -name \"binding.gyp\" | while read -r gypfile; do\n    # Get the directory containing the .gyp file (the module directory)\n    MODULE_DIR=$(dirname \"$gypfile\")\n    \n    # Skip if it's a nested node_modules (only process direct dependencies)\n    # Also skip if we've already processed this module (avoid duplicates)\n    if [[ \"$MODULE_DIR\" != *\"/node_modules/node_modules/\"* ]] && [ -f \"$MODULE_DIR/package.json\" ]; then\n      MODULE_NAME=$(basename \"$MODULE_DIR\")\n      echo \"Rebuilding native module: $MODULE_NAME ($MODULE_DIR) for $TARGET_ARCH\"\n      GYP_DEFINES=\"OS=ios\" \n      npm_config_nodedir=\"$NODEJS_HEADERS_DIR\" \n      npm_config_node_gyp=\"$NODEJS_MOBILE_GYP_BIN_FILE\" \n      npm_config_platform=\"ios\" \n      npm_config_format=\"make-ios\" \n      npm_config_node_engine=\"chakracore\" \n      npm_config_arch=\"${TARGET_ARCH#ios-}\" \n      node \"../../node_modules/capacitor-nodejs/scripts/dist/rebuild-native-module.js\" \"$MODULE_DIR\" \"$TARGET_ARCH\" || {\n        echo \"Warning: Failed to rebuild $MODULE_NAME, continuing with other modules...\"\n      }\n    fi\n  done\n  \n  # Also find *.gyp files (other than binding.gyp)\n  find \"$NODE_MODULES_DIR\" -type f -name \"*.gyp\" ! -name \"binding.gyp\" | while read -r gypfile; do\n    # Get the directory containing the .gyp file (the module directory)\n    MODULE_DIR=$(dirname \"$gypfile\")\n    \n    # Skip if it's a nested node_modules (only process direct dependencies)\n    # Also skip if we've already processed this module (avoid duplicates)\n    if [[ \"$MODULE_DIR\" != *\"/node_modules/node_modules/\"* ]] && [ -f \"$MODULE_DIR/package.json\" ]; then\n      MODULE_NAME=$(basename \"$MODULE_DIR\")\n      echo \"Rebuilding native module: $MODULE_NAME ($MODULE_DIR) for $TARGET_ARCH\"\n      GYP_DEFINES=\"OS=ios\" \n      npm_config_nodedir=\"$NODEJS_HEADERS_DIR\" \n      npm_config_node_gyp=\"$NODEJS_MOBILE_GYP_BIN_FILE\" \n      npm_config_platform=\"ios\" \n      npm_config_format=\"make-ios\" \n      npm_config_node_engine=\"chakracore\" \n      npm_config_arch=\"${TARGET_ARCH#ios-}\" \n      node \"../../node_modules/capacitor-nodejs/scripts/dist/rebuild-native-module.js\" \"$MODULE_DIR\" \"$TARGET_ARCH\" || {\n        echo \"Warning: Failed to rebuild $MODULE_NAME, continuing with other modules...\"\n      }\n    fi\n  done\nelse\n  echo \"Warning: node_modules directory not found at $NODE_MODULES_DIR\"\nfi\n\npopd > /dev/null\n\n";
		};
		9592DBEFFC6D2A0C8D5DEB22 /* [CP] Embed Pods Frameworks */ = {
			isa = PBXShellScriptBuildPhase;
			buildActionMask = 2147483647;
			files = (
			);
			inputFileListPaths = (
			);
			inputPaths = (
			);
			name = "[CP] Embed Pods Frameworks";
			outputFileListPaths = (
			);
			outputPaths = (
			);
			runOnlyForDeploymentPostprocessing = 0;
			shellPath = /bin/sh;
			shellScript = "\"${PODS_ROOT}/Target Support Files/Pods-App/Pods-App-frameworks.sh\"\n";
			showEnvVarsInLog = 0;
		};
		A8F55743798E440AB4F63C95 /* Organize Node.js Native Modules */ = {
			isa = PBXShellScriptBuildPhase;
			buildActionMask = 2147483647;
			files = (
			);
			inputPaths = (
			);
			name = "Organize Node.js Native Modules";
			outputPaths = (
			);
			runOnlyForDeploymentPostprocessing = 0;
			shellPath = /bin/sh;
			shellScript = "set -e\n# Check if build native modules preference is set\nPREF_FILE=$CODESIGNING_FOLDER_PATH/nodejs/NODEJS_MOBILE_BUILD_NATIVE_MODULES_VALUE.txt\nif [ -z \"$NODEJS_MOBILE_BUILD_NATIVE_MODULES\" ] && [ -f \"$PREF_FILE\" ]; then\n  NODEJS_MOBILE_BUILD_NATIVE_MODULES=$(cat \"$PREF_FILE\" | xargs)\nfi\n\n# Check for .node files or .gyp files if preference not set\nif [ -z \"$NODEJS_MOBILE_BUILD_NATIVE_MODULES\" ]; then\n  if find \"$CODESIGNING_FOLDER_PATH/public/nodejs/node_modules\" -name \"*.node\" -type f 2>/dev/null | grep -q . || find \"$CODESIGNING_FOLDER_PATH/nodejs/node_modules\" -name \"*.node\" -type f 2>/dev/null | grep -q .; then\n    NODEJS_MOBILE_BUILD_NATIVE_MODULES=1\n  elif find \"$CODESIGNING_FOLDER_PATH/nodejs/\" -type f -name \"*.gyp\" 2>/dev/null | grep -q .; then\n    NODEJS_MOBILE_BUILD_NATIVE_MODULES=1\n  else\n    NODEJS_MOBILE_BUILD_NATIVE_MODULES=0\n  fi\nfi\n\nif [ \"$NODEJS_MOBILE_BUILD_NATIVE_MODULES\" != \"1\" ]; then exit 0; fi\n\n# Determine platform-arch\nPLATFORM_ARCH=\"\"\nif [ \"$PLATFORM_NAME\" = \"iphoneos\" ]; then\n  PLATFORM_ARCH=\"ios-arm64\"\nelif [ \"$PLATFORM_NAME\" = \"macosx\" ]; then\n  PLATFORM_ARCH=\"ios-arm64\"\nelif [ \"$PLATFORM_NAME\" = \"iphonesimulator\" ]; then\n  if echo \"$ARCHS\" | grep -q \"arm64\"; then\n    PLATFORM_ARCH=\"ios-arm64-simulator\"\n  else\n    PLATFORM_ARCH=\"ios-x64\"\n  fi\nelse\n  PLATFORM_ARCH=\"ios-x64\"\nfi\n\n# Organize .node files\nSCRIPT_PATH=$PROJECT_DIR/../build/organize-node-files.ts\nif [ ! -f \"$SCRIPT_PATH\" ]; then\n  SCRIPT_PATH=$SRCROOT/../build/organize-node-files.ts\nfi\nif [ ! -f \"$SCRIPT_PATH\" ]; then\n  echo Warning: organize-node-files.ts not found, skipping organization\n  exit 0\nfi\n\nNODEJS_DIR=$CODESIGNING_FOLDER_PATH/public/nodejs\nif [ ! -d \"$NODEJS_DIR\" ]; then\n  NODEJS_DIR=$CODESIGNING_FOLDER_PATH/nodejs\nfi\n\nnode --experimental-strip-types \"$SCRIPT_PATH\" \"$NODEJS_DIR\" \"$PLATFORM_ARCH\" || true";
		};
/* End PBXShellScriptBuildPhase section */

/* Begin PBXSourcesBuildPhase section */
		504EC3001FED79650016851F /* Sources */ = {
			isa = PBXSourcesBuildPhase;
			buildActionMask = 2147483647;
			files = (
				504EC3081FED79650016851F /* AppDelegate.swift in Sources */,
			);
			runOnlyForDeploymentPostprocessing = 0;
		};
/* End PBXSourcesBuildPhase section */

/* Begin PBXVariantGroup section */
		504EC30B1FED79650016851F /* Main.storyboard */ = {
			isa = PBXVariantGroup;
			children = (
				504EC30C1FED79650016851F /* Base */,
			);
			name = Main.storyboard;
			sourceTree = "<group>";
		};
		504EC3101FED79650016851F /* LaunchScreen.storyboard */ = {
			isa = PBXVariantGroup;
			children = (
				504EC3111FED79650016851F /* Base */,
			);
			name = LaunchScreen.storyboard;
			sourceTree = "<group>";
		};
/* End PBXVariantGroup section */

/* Begin XCBuildConfiguration section */
		504EC3141FED79650016851F /* Debug */ = {
			isa = XCBuildConfiguration;
			buildSettings = {
				ALWAYS_SEARCH_USER_PATHS = NO;
				CLANG_ANALYZER_NONNULL = YES;
				CLANG_ANALYZER_NUMBER_OBJECT_CONVERSION = YES_AGGRESSIVE;
				CLANG_CXX_LANGUAGE_STANDARD = "gnu++14";
				CLANG_CXX_LIBRARY = "libc++";
				CLANG_ENABLE_MODULES = YES;
				CLANG_ENABLE_OBJC_ARC = YES;
				CLANG_WARN_BLOCK_CAPTURE_AUTORELEASING = YES;
				CLANG_WARN_BOOL_CONVERSION = YES;
				CLANG_WARN_COMMA = YES;
				CLANG_WARN_CONSTANT_CONVERSION = YES;
				CLANG_WARN_DIRECT_OBJC_ISA_USAGE = YES_ERROR;
				CLANG_WARN_DOCUMENTATION_COMMENTS = YES;
				CLANG_WARN_EMPTY_BODY = YES;
				CLANG_WARN_ENUM_CONVERSION = YES;
				CLANG_WARN_INFINITE_RECURSION = YES;
				CLANG_WARN_INT_CONVERSION = YES;
				CLANG_WARN_NON_LITERAL_NULL_CONVERSION = YES;
				CLANG_WARN_OBJC_LITERAL_CONVERSION = YES;
				CLANG_WARN_OBJC_ROOT_CLASS = YES_ERROR;
				CLANG_WARN_RANGE_LOOP_ANALYSIS = YES;
				CLANG_WARN_STRICT_PROTOTYPES = YES;
				CLANG_WARN_SUSPICIOUS_MOVE = YES;
				CLANG_WARN_UNGUARDED_AVAILABILITY = YES_AGGRESSIVE;
				CLANG_WARN_UNREACHABLE_CODE = YES;
				CLANG_WARN__DUPLICATE_METHOD_MATCH = YES;
				CODE_SIGN_IDENTITY = "iPhone Developer";
				COPY_PHASE_STRIP = NO;
				DEBUG_INFORMATION_FORMAT = dwarf;
				ENABLE_STRICT_OBJC_MSGSEND = YES;
				ENABLE_TESTABILITY = YES;
				GCC_C_LANGUAGE_STANDARD = gnu11;
				GCC_DYNAMIC_NO_PIC = NO;
				GCC_NO_COMMON_BLOCKS = YES;
				GCC_OPTIMIZATION_LEVEL = 0;
				GCC_PREPROCESSOR_DEFINITIONS = (
					"DEBUG=1",
					"$(inherited)",
				);
				GCC_WARN_64_TO_32_BIT_CONVERSION = YES;
				GCC_WARN_ABOUT_RETURN_TYPE = YES_ERROR;
				GCC_WARN_UNDECLARED_SELECTOR = YES;
				GCC_WARN_UNINITIALIZED_AUTOS = YES_AGGRESSIVE;
				GCC_WARN_UNUSED_FUNCTION = YES;
				GCC_WARN_UNUSED_VARIABLE = YES;
				IPHONEOS_DEPLOYMENT_TARGET = 14.0;
				MTL_ENABLE_DEBUG_INFO = YES;
				ONLY_ACTIVE_ARCH = YES;
				SDKROOT = iphoneos;
				SWIFT_ACTIVE_COMPILATION_CONDITIONS = DEBUG;
				SWIFT_OPTIMIZATION_LEVEL = "-Onone";
			};
			name = Debug;
		};
		504EC3151FED79650016851F /* Release */ = {
			isa = XCBuildConfiguration;
			buildSettings = {
				ALWAYS_SEARCH_USER_PATHS = NO;
				CLANG_ANALYZER_NONNULL = YES;
				CLANG_ANALYZER_NUMBER_OBJECT_CONVERSION = YES_AGGRESSIVE;
				CLANG_CXX_LANGUAGE_STANDARD = "gnu++14";
				CLANG_CXX_LIBRARY = "libc++";
				CLANG_ENABLE_MODULES = YES;
				CLANG_ENABLE_OBJC_ARC = YES;
				CLANG_WARN_BLOCK_CAPTURE_AUTORELEASING = YES;
				CLANG_WARN_BOOL_CONVERSION = YES;
				CLANG_WARN_COMMA = YES;
				CLANG_WARN_CONSTANT_CONVERSION = YES;
				CLANG_WARN_DIRECT_OBJC_ISA_USAGE = YES_ERROR;
				CLANG_WARN_DOCUMENTATION_COMMENTS = YES;
				CLANG_WARN_EMPTY_BODY = YES;
				CLANG_WARN_ENUM_CONVERSION = YES;
				CLANG_WARN_INFINITE_RECURSION = YES;
				CLANG_WARN_INT_CONVERSION = YES;
				CLANG_WARN_NON_LITERAL_NULL_CONVERSION = YES;
				CLANG_WARN_OBJC_LITERAL_CONVERSION = YES;
				CLANG_WARN_OBJC_ROOT_CLASS = YES_ERROR;
				CLANG_WARN_RANGE_LOOP_ANALYSIS = YES;
				CLANG_WARN_STRICT_PROTOTYPES = YES;
				CLANG_WARN_SUSPICIOUS_MOVE = YES;
				CLANG_WARN_UNGUARDED_AVAILABILITY = YES_AGGRESSIVE;
				CLANG_WARN_UNREACHABLE_CODE = YES;
				CLANG_WARN__DUPLICATE_METHOD_MATCH = YES;
				CODE_SIGN_IDENTITY = "iPhone Developer";
				COPY_PHASE_STRIP = NO;
				DEBUG_INFORMATION_FORMAT = "dwarf-with-dsym";
				ENABLE_NS_ASSERTIONS = NO;
				ENABLE_STRICT_OBJC_MSGSEND = YES;
				GCC_C_LANGUAGE_STANDARD = gnu11;
				GCC_NO_COMMON_BLOCKS = YES;
				GCC_WARN_64_TO_32_BIT_CONVERSION = YES;
				GCC_WARN_ABOUT_RETURN_TYPE = YES_ERROR;
				GCC_WARN_UNDECLARED_SELECTOR = YES;
				GCC_WARN_UNINITIALIZED_AUTOS = YES_AGGRESSIVE;
				GCC_WARN_UNUSED_FUNCTION = YES;
				GCC_WARN_UNUSED_VARIABLE = YES;
				IPHONEOS_DEPLOYMENT_TARGET = 14.0;
				MTL_ENABLE_DEBUG_INFO = NO;
				SDKROOT = iphoneos;
				SWIFT_COMPILATION_MODE = wholemodule;
				SWIFT_OPTIMIZATION_LEVEL = "-O";
				VALIDATE_PRODUCT = YES;
			};
			name = Release;
		};
		504EC3171FED79650016851F /* Debug */ = {
			isa = XCBuildConfiguration;
			baseConfigurationReference = FC68EB0AF532CFC21C3344DD /* Pods-App.debug.xcconfig */;
			buildSettings = {
				ASSETCATALOG_COMPILER_APPICON_NAME = AppIcon;
				CODE_SIGN_STYLE = Manual;
				CURRENT_PROJECT_VERSION = 3;
				INFOPLIST_FILE = App/Info.plist;
				INFOPLIST_KEY_CFBundleDisplayName = Mustang;
				INFOPLIST_KEY_LSApplicationCategoryType = "public.app-category.productivity";
				IPHONEOS_DEPLOYMENT_TARGET = 14.0;
				LD_RUNPATH_SEARCH_PATHS = (
					"$(inherited)",
					"@executable_path/Frameworks",
				);
				LIBRARY_SEARCH_PATHS = (
					"$(inherited)",
					"$(PROJECT_DIR)/App/nodejs-project/build",
					"$(PROJECT_DIR)/App/nodejs-project/prebuilds/ios-arm64",
					"$(PROJECT_DIR)/App/nodejs-project/prebuilds/ios-arm64-simulator",
				);
				MARKETING_VERSION = 1.0;
				OTHER_SWIFT_FLAGS = "$(inherited) \"-D\" \"COCOAPODS\" \"-DDEBUG\"";
				PRODUCT_BUNDLE_IDENTIFIER = im.mustang.mail;
				PRODUCT_NAME = Mustang;
				SWIFT_ACTIVE_COMPILATION_CONDITIONS = DEBUG;
				SWIFT_VERSION = 5.0;
				TARGETED_DEVICE_FAMILY = "1,2";
			};
			name = Debug;
		};
		504EC3181FED79650016851F /* Release */ = {
			isa = XCBuildConfiguration;
			baseConfigurationReference = AF51FD2D460BCFE21FA515B2 /* Pods-App.release.xcconfig */;
			buildSettings = {
				ASSETCATALOG_COMPILER_APPICON_NAME = AppIcon;
				"CODE_SIGN_IDENTITY[sdk=iphoneos*]" = "iPhone Distribution";
				CODE_SIGN_STYLE = Manual;
				CURRENT_PROJECT_VERSION = 3;
				"DEVELOPMENT_TEAM[sdk=iphoneos*]" = 2QD8MW9GBW;
				INFOPLIST_FILE = App/Info.plist;
				INFOPLIST_KEY_CFBundleDisplayName = Mustang;
				INFOPLIST_KEY_LSApplicationCategoryType = "public.app-category.productivity";
				IPHONEOS_DEPLOYMENT_TARGET = 14.0;
				LD_RUNPATH_SEARCH_PATHS = (
					"$(inherited)",
					"@executable_path/Frameworks",
				);
				LIBRARY_SEARCH_PATHS = (
					"$(inherited)",
					"$(PROJECT_DIR)/App/nodejs-project/build",
					"$(PROJECT_DIR)/App/nodejs-project/prebuilds/ios-arm64",
					"$(PROJECT_DIR)/App/nodejs-project/prebuilds/ios-arm64-simulator",
				);
				MARKETING_VERSION = 1.0;
				PRODUCT_BUNDLE_IDENTIFIER = im.mustang.mail;
				PRODUCT_NAME = Mustang;
				"PROVISIONING_PROFILE_SPECIFIER[sdk=iphoneos*]" = Mustang;
				SWIFT_ACTIVE_COMPILATION_CONDITIONS = "";
				SWIFT_VERSION = 5.0;
				TARGETED_DEVICE_FAMILY = "1,2";
			};
			name = Release;
		};
/* End XCBuildConfiguration section */

/* Begin XCConfigurationList section */
		504EC2FF1FED79650016851F /* Build configuration list for PBXProject "App" */ = {
			isa = XCConfigurationList;
			buildConfigurations = (
				504EC3141FED79650016851F /* Debug */,
				504EC3151FED79650016851F /* Release */,
			);
			defaultConfigurationIsVisible = 0;
			defaultConfigurationName = Release;
		};
		504EC3161FED79650016851F /* Build configuration list for PBXNativeTarget "App" */ = {
			isa = XCConfigurationList;
			buildConfigurations = (
				504EC3171FED79650016851F /* Debug */,
				504EC3181FED79650016851F /* Release */,
			);
			defaultConfigurationIsVisible = 0;
			defaultConfigurationName = Release;
		};
/* End XCConfigurationList section */
	};
	rootObject = 504EC2FC1FED79650016851F /* Project object */;
}
